
Microsoft Visual Studio Solution File, Format Version 12.00
# Visual Studio Version 16
VisualStudioVersion = 16.0.30611.23
MinimumVisualStudioVersion = 10.0.40219.1
Project("{FAE04EC0-301F-11D3-BF4B-00C04F79EFBC}") = "DebugItem", "DebugItem\DebugItem.csproj", "{AA216E57-87FA-44C5-ACF0-6732DAB26923}"
EndProject
Global
	GlobalSection(SolutionConfigurationPlatforms) = preSolution
		Debug|Any CPU = Debug|Any CPU
		Release|Any CPU = Release|Any CPU
	EndGlobalSection
	GlobalSection(ProjectConfigurationPlatforms) = postSolution
		{AA216E57-87FA-44C5-ACF0-6732DAB26923}.Debug|Any CPU.ActiveCfg = Debug|Any CPU
		{AA216E57-87FA-44C5-ACF0-6732DAB26923}.Debug|Any CPU.Build.0 = Debug|Any CPU
		{AA216E57-87FA-44C5-ACF0-6732DAB26923}.Release|Any CPU.ActiveCfg = Release|Any CPU
		{AA216E57-87FA-44C5-ACF0-6732DAB26923}.Release|Any CPU.Build.0 = Release|Any CPU
	EndGlobalSection
	GlobalSection(SolutionProperties) = preSolution
		HideSolutionNode = FALSE
	EndGlobalSection
	GlobalSection(ExtensibilityGlobals) = postSolution
		SolutionGuid = {57DF386A-E7EB-4748-928E-C90C91FB3B8D}
	EndGlobalSection
EndGlobal
